
Microsoft Visual Studio Solution File, Format Version 12.00
# Visual Studio 15
VisualStudioVersion = 15.0.28307.421
MinimumVisualStudioVersion = 10.0.40219.1
Project("{FAE04EC0-301F-11D3-BF4B-00C04F79EFBC}") = "Polygons", "Polygons\Polygons.csproj", "{254E1B00-8E45-4578-9FAD-D9E08F4CB15D}"
EndProject
Global
	GlobalSection(SolutionConfigurationPlatforms) = preSolution
		Debug|Any CPU = Debug|Any CPU
		Release|Any CPU = Release|Any CPU
	EndGlobalSection
	GlobalSection(ProjectConfigurationPlatforms) = postSolution
		{254E1B00-8E45-4578-9FAD-D9E08F4CB15D}.Debug|Any CPU.ActiveCfg = Debug|Any CPU
		{254E1B00-8E45-4578-9FAD-D9E08F4CB15D}.Debug|Any CPU.Build.0 = Debug|Any CPU
		{254E1B00-8E45-4578-9FAD-D9E08F4CB15D}.Release|Any CPU.ActiveCfg = Release|Any CPU
		{254E1B00-8E45-4578-9FAD-D9E08F4CB15D}.Release|Any CPU.Build.0 = Release|Any CPU
	EndGlobalSection
	GlobalSection(SolutionProperties) = preSolution
		HideSolutionNode = FALSE
	EndGlobalSection
	GlobalSection(ExtensibilityGlobals) = postSolution
		SolutionGuid = {3F332A82-95AE-4A9D-860F-664F3217A612}
	EndGlobalSection
EndGlobal
